{
  "requires": true,
  "lockfileVersion": 1,
  "dependencies": {
    "color-name": {
      "version": "1.1.4",
      "resolved": "https://registry.npmjs.org/color-name/-/color-name-1.1.4.tgz",
      "integrity": "sha512-dOy+3AuW3a2wNbZHIuMZpTcgjGuLU/uBL/ubcZF9OXbDo8ff4O8yVp5Bf0efS8uEoYo5q4Fx7dY9OgQGXgAsQA=="
    },
    "color-string": {
      "version": "1.5.4",
      "resolved": "https://registry.npmjs.org/color-string/-/color-string-1.5.4.tgz",
      "integrity": "sha512-57yF5yt8Xa3czSEW1jfQDE79Idk0+AkN/4KWad6tbdxUmAs3MvjxlWSWD4deYytcRfoZ9nhKyFl1kj5tBvidbw==",
      "requires": {
        "color-name": "^1.0.0",
        "simple-swizzle": "^0.2.2"
      }
    },
    "color-to-color": {
      "version": "1.0.0",
      "resolved": "https://registry.npmjs.org/color-to-color/-/color-to-color-1.0.0.tgz",
      "integrity": "sha512-Z5qqajuNl9Dkm2qDkS1BQV9pyZ6GbypjNBAdjlRZXOTd4yLr0oUfw9h0uJ7t6AxXdEWWtnXS9nW8k/+CjuRBGA==",
      "requires": {
        "color-string": "^1.5.3"
      }
    },
    "css-func": {
      "version": "1.0.0",
      "resolved": "https://registry.npmjs.org/css-func/-/css-func-1.0.0.tgz",
      "integrity": "sha512-FE/JNHG6eyi8hh/vFsxSO31cPcD3gRxWe/Znibc08Sg2Obbj+sp1ExO8wYxPebgWflgE3OlqrmUvF2ZCcYR9ug=="
    },
    "is-arrayish": {
      "version": "0.3.2",
      "resolved": "https://registry.npmjs.org/is-arrayish/-/is-arrayish-0.3.2.tgz",
      "integrity": "sha512-eVRqCvVlZbuw3GrM63ovNSNAeA1K16kaR/LRY/92w0zxQ5/1YzwblUX652i4Xs9RwAGjW9d9y6X88t8OaAJfWQ=="
    },
    "lodash.throttle": {
      "version": "4.1.1",
      "resolved": "https://registry.npmjs.org/lodash.throttle/-/lodash.throttle-4.1.1.tgz",
      "integrity": "sha1-wj6RtxAkKscMN/HhzaknTMOb8vQ="
    },
    "motus": {
      "version": "2.0.5",
      "resolved": "https://registry.npmjs.org/motus/-/motus-2.0.5.tgz",
      "integrity": "sha512-E5g9A5qEjBlKeEeoRr4/7MIS/P2RBjpmVOo+Fh9i5CnDv+ENUq12SMfQjTj+AreUyf/XSyIKOpezwVw4crpT8g==",
      "requires": {
        "color-string": "^1.5.3",
        "color-to-color": "^1.0.0",
        "css-func": "^1.0.0",
        "lodash.throttle": "^4.1.1",
        "opencollective-postinstall": "^2.0.2"
      }
    },
    "opencollective-postinstall": {
      "version": "2.0.3",
      "resolved": "https://registry.npmjs.org/opencollective-postinstall/-/opencollective-postinstall-2.0.3.tgz",
      "integrity": "sha512-8AV/sCtuzUeTo8gQK5qDZzARrulB3egtLzFgteqB2tcT4Mw7B8Kt7JcDHmltjz6FOAHsvTevk70gZEbhM4ZS9Q=="
    },
    "simple-swizzle": {
      "version": "0.2.2",
      "resolved": "https://registry.npmjs.org/simple-swizzle/-/simple-swizzle-0.2.2.tgz",
      "integrity": "sha1-pNprY1/8zMoz9w0Xy5JZLeleVXo=",
      "requires": {
        "is-arrayish": "^0.3.1"
      }
    }
  }
}
